
Microsoft Visual Studio Solution File, Format Version 12.00
# Visual Studio 14
VisualStudioVersion = 14.0.23107.0
MinimumVisualStudioVersion = 10.0.40219.1
Project("{FAE04EC0-301F-11D3-BF4B-00C04F79EFBC}") = "ClienteApiVehiculos", "ClienteApiVehiculos\ClienteApiVehiculos.csproj", "{932912A7-9637-48EA-945B-633F6927B003}"
EndProject
Project("{FAE04EC0-301F-11D3-BF4B-00C04F79EFBC}") = "BaseServicios", "..\..\BaseServicios\BaseServicios\BaseServicios.csproj", "{2BB53FE4-3396-4629-B336-3C6BF6B67B2F}"
EndProject
Global
	GlobalSection(SolutionConfigurationPlatforms) = preSolution
		Debug|Any CPU = Debug|Any CPU
		Release|Any CPU = Release|Any CPU
	EndGlobalSection
	GlobalSection(ProjectConfigurationPlatforms) = postSolution
		{932912A7-9637-48EA-945B-633F6927B003}.Debug|Any CPU.ActiveCfg = Debug|Any CPU
		{932912A7-9637-48EA-945B-633F6927B003}.Debug|Any CPU.Build.0 = Debug|Any CPU
		{932912A7-9637-48EA-945B-633F6927B003}.Release|Any CPU.ActiveCfg = Release|Any CPU
		{932912A7-9637-48EA-945B-633F6927B003}.Release|Any CPU.Build.0 = Release|Any CPU
		{2BB53FE4-3396-4629-B336-3C6BF6B67B2F}.Debug|Any CPU.ActiveCfg = Debug|Any CPU
		{2BB53FE4-3396-4629-B336-3C6BF6B67B2F}.Debug|Any CPU.Build.0 = Debug|Any CPU
		{2BB53FE4-3396-4629-B336-3C6BF6B67B2F}.Release|Any CPU.ActiveCfg = Release|Any CPU
		{2BB53FE4-3396-4629-B336-3C6BF6B67B2F}.Release|Any CPU.Build.0 = Release|Any CPU
	EndGlobalSection
	GlobalSection(SolutionProperties) = preSolution
		HideSolutionNode = FALSE
	EndGlobalSection
EndGlobal
